// !$*UTF8*$!
{
	archiveVersion = 1;
	classes = {
	};
	objectVersion = 55;
	objects = {

/* Begin PBXBuildFile section */
		C103300C276AD65F00757585 /* LoginFormViewController.swift in Sources */ = {isa = PBXBuildFile; fileRef = C103300B276AD65F00757585 /* LoginFormViewController.swift */; };
		C1033011276AF82400757585 /* FriendsTableVC.swift in Sources */ = {isa = PBXBuildFile; fileRef = C1033010276AF82400757585 /* FriendsTableVC.swift */; };
		C1033013276AFE0400757585 /* PhotoCollectionVC.swift in Sources */ = {isa = PBXBuildFile; fileRef = C1033012276AFE0400757585 /* PhotoCollectionVC.swift */; };
		C1033015276AFEBF00757585 /* TabBarViewController.swift in Sources */ = {isa = PBXBuildFile; fileRef = C1033014276AFEBF00757585 /* TabBarViewController.swift */; };
		C1033017276AFFB500757585 /* UserGroupsTableVC.swift in Sources */ = {isa = PBXBuildFile; fileRef = C1033016276AFFB500757585 /* UserGroupsTableVC.swift */; };
		C11371512770345C003D2800 /* FriendPhotoCollectionViewCell.swift in Sources */ = {isa = PBXBuildFile; fileRef = C11371502770345C003D2800 /* FriendPhotoCollectionViewCell.swift */; };
		C15A4EBD276E1490003A97D3 /* GlobalGroupsTableVC.swift in Sources */ = {isa = PBXBuildFile; fileRef = C15A4EBC276E1490003A97D3 /* GlobalGroupsTableVC.swift */; };
		C177C634277188E100A3A7CE /* GroupTableViewCell.swift in Sources */ = {isa = PBXBuildFile; fileRef = C177C633277188E100A3A7CE /* GroupTableViewCell.swift */; };
		C177C6362772015D00A3A7CE /* GlobalGroupsCell.swift in Sources */ = {isa = PBXBuildFile; fileRef = C177C6352772015D00A3A7CE /* GlobalGroupsCell.swift */; };
		C17BE2F2276F1F8C00DAE1F1 /* User.swift in Sources */ = {isa = PBXBuildFile; fileRef = C17BE2F1276F1F8C00DAE1F1 /* User.swift */; };
		C17BE2F4276F201100DAE1F1 /* Group.swift in Sources */ = {isa = PBXBuildFile; fileRef = C17BE2F3276F201100DAE1F1 /* Group.swift */; };
		C17BE2F6276F3B8200DAE1F1 /* FriendTableViewCell.swift in Sources */ = {isa = PBXBuildFile; fileRef = C17BE2F5276F3B8200DAE1F1 /* FriendTableViewCell.swift */; };
		C1FFB7332765EB1200B6EB50 /* AppDelegate.swift in Sources */ = {isa = PBXBuildFile; fileRef = C1FFB7322765EB1200B6EB50 /* AppDelegate.swift */; };
		C1FFB7352765EB1200B6EB50 /* SceneDelegate.swift in Sources */ = {isa = PBXBuildFile; fileRef = C1FFB7342765EB1200B6EB50 /* SceneDelegate.swift */; };
		C1FFB73A2765EB1200B6EB50 /* Main.storyboard in Resources */ = {isa = PBXBuildFile; fileRef = C1FFB7382765EB1200B6EB50 /* Main.storyboard */; };
		C1FFB73C2765EB1800B6EB50 /* Assets.xcassets in Resources */ = {isa = PBXBuildFile; fileRef = C1FFB73B2765EB1800B6EB50 /* Assets.xcassets */; };
		C1FFB73F2765EB1800B6EB50 /* LaunchScreen.storyboard in Resources */ = {isa = PBXBuildFile; fileRef = C1FFB73D2765EB1800B6EB50 /* LaunchScreen.storyboard */; };
/* End PBXBuildFile section */

/* Begin PBXFileReference section */
		C103300B276AD65F00757585 /* LoginFormViewController.swift */ = {isa = PBXFileReference; lastKnownFileType = sourcecode.swift; path = LoginFormViewController.swift; sourceTree = "<group>"; };
		C1033010276AF82400757585 /* FriendsTableVC.swift */ = {isa = PBXFileReference; lastKnownFileType = sourcecode.swift; path = FriendsTableVC.swift; sourceTree = "<group>"; };
		C1033012276AFE0400757585 /* PhotoCollectionVC.swift */ = {isa = PBXFileReference; lastKnownFileType = sourcecode.swift; path = PhotoCollectionVC.swift; sourceTree = "<group>"; };
		C1033014276AFEBF00757585 /* TabBarViewController.swift */ = {isa = PBXFileReference; lastKnownFileType = sourcecode.swift; path = TabBarViewController.swift; sourceTree = "<group>"; };
		C1033016276AFFB500757585 /* UserGroupsTableVC.swift */ = {isa = PBXFileReference; lastKnownFileType = sourcecode.swift; path = UserGroupsTableVC.swift; sourceTree = "<group>"; };
		C11371502770345C003D2800 /* FriendPhotoCollectionViewCell.swift */ = {isa = PBXFileReference; lastKnownFileType = sourcecode.swift; path = FriendPhotoCollectionViewCell.swift; sourceTree = "<group>"; };
		C15A4EBC276E1490003A97D3 /* GlobalGroupsTableVC.swift */ = {isa = PBXFileReference; lastKnownFileType = sourcecode.swift; path = GlobalGroupsTableVC.swift; sourceTree = "<group>"; };
		C177C633277188E100A3A7CE /* GroupTableViewCell.swift */ = {isa = PBXFileReference; lastKnownFileType = sourcecode.swift; path = GroupTableViewCell.swift; sourceTree = "<group>"; };
		C177C6352772015D00A3A7CE /* GlobalGroupsCell.swift */ = {isa = PBXFileReference; lastKnownFileType = sourcecode.swift; path = GlobalGroupsCell.swift; sourceTree = "<group>"; };
		C17BE2F1276F1F8C00DAE1F1 /* User.swift */ = {isa = PBXFileReference; lastKnownFileType = sourcecode.swift; path = User.swift; sourceTree = "<group>"; };
		C17BE2F3276F201100DAE1F1 /* Group.swift */ = {isa = PBXFileReference; lastKnownFileType = sourcecode.swift; path = Group.swift; sourceTree = "<group>"; };
		C17BE2F5276F3B8200DAE1F1 /* FriendTableViewCell.swift */ = {isa = PBXFileReference; lastKnownFileType = sourcecode.swift; path = FriendTableViewCell.swift; sourceTree = "<group>"; };
		C1FFB72F2765EB1200B6EB50 /* vkApp_AndreiNosov.app */ = {isa = PBXFileReference; explicitFileType = wrapper.application; includeInIndex = 0; path = vkApp_AndreiNosov.app; sourceTree = BUILT_PRODUCTS_DIR; };
		C1FFB7322765EB1200B6EB50 /* AppDelegate.swift */ = {isa = PBXFileReference; lastKnownFileType = sourcecode.swift; path = AppDelegate.swift; sourceTree = "<group>"; };
		C1FFB7342765EB1200B6EB50 /* SceneDelegate.swift */ = {isa = PBXFileReference; lastKnownFileType = sourcecode.swift; path = SceneDelegate.swift; sourceTree = "<group>"; };
		C1FFB7392765EB1200B6EB50 /* Base */ = {isa = PBXFileReference; lastKnownFileType = file.storyboard; name = Base; path = Base.lproj/Main.storyboard; sourceTree = "<group>"; };
		C1FFB73B2765EB1800B6EB50 /* Assets.xcassets */ = {isa = PBXFileReference; lastKnownFileType = folder.assetcatalog; path = Assets.xcassets; sourceTree = "<group>"; };
		C1FFB73E2765EB1800B6EB50 /* Base */ = {isa = PBXFileReference; lastKnownFileType = file.storyboard; name = Base; path = Base.lproj/LaunchScreen.storyboard; sourceTree = "<group>"; };
		C1FFB7402765EB1800B6EB50 /* Info.plist */ = {isa = PBXFileReference; lastKnownFileType = text.plist.xml; path = Info.plist; sourceTree = "<group>"; };
/* End PBXFileReference section */

/* Begin PBXFrameworksBuildPhase section */
		C1FFB72C2765EB1200B6EB50 /* Frameworks */ = {
			isa = PBXFrameworksBuildPhase;
			buildActionMask = 2147483647;
			files = (
			);
			runOnlyForDeploymentPostprocessing = 0;
		};
/* End PBXFrameworksBuildPhase section */

/* Begin PBXGroup section */
		C177C6322771842100A3A7CE /* Groups */ = {
			isa = PBXGroup;
			children = (
				C1033016276AFFB500757585 /* UserGroupsTableVC.swift */,
				C15A4EBC276E1490003A97D3 /* GlobalGroupsTableVC.swift */,
				C177C633277188E100A3A7CE /* GroupTableViewCell.swift */,
				C177C6352772015D00A3A7CE /* GlobalGroupsCell.swift */,
			);
			path = Groups;
			sourceTree = "<group>";
		};
		C17BE2EF276F15A000DAE1F1 /* Friends&Photos */ = {
			isa = PBXGroup;
			children = (
				C1033010276AF82400757585 /* FriendsTableVC.swift */,
				C17BE2F5276F3B8200DAE1F1 /* FriendTableViewCell.swift */,
				C1033012276AFE0400757585 /* PhotoCollectionVC.swift */,
				C11371502770345C003D2800 /* FriendPhotoCollectionViewCell.swift */,
			);
			path = "Friends&Photos";
			sourceTree = "<group>";
		};
		C17BE2F0276F1F6F00DAE1F1 /* Model */ = {
			isa = PBXGroup;
			children = (
				C17BE2F1276F1F8C00DAE1F1 /* User.swift */,
				C17BE2F3276F201100DAE1F1 /* Group.swift */,
			);
			path = Model;
			sourceTree = "<group>";
		};
		C1FFB7262765EB1200B6EB50 = {
			isa = PBXGroup;
			children = (
				C103300B276AD65F00757585 /* LoginFormViewController.swift */,
				C1033014276AFEBF00757585 /* TabBarViewController.swift */,
				C177C6322771842100A3A7CE /* Groups */,
				C17BE2F0276F1F6F00DAE1F1 /* Model */,
				C17BE2EF276F15A000DAE1F1 /* Friends&Photos */,
				C1FFB7312765EB1200B6EB50 /* vkApp_AndreiNosov */,
				C1FFB7302765EB1200B6EB50 /* Products */,
			);
			sourceTree = "<group>";
		};
		C1FFB7302765EB1200B6EB50 /* Products */ = {
			isa = PBXGroup;
			children = (
				C1FFB72F2765EB1200B6EB50 /* vkApp_AndreiNosov.app */,
			);
			name = Products;
			sourceTree = "<group>";
		};
		C1FFB7312765EB1200B6EB50 /* vkApp_AndreiNosov */ = {
			isa = PBXGroup;
			children = (
				C1FFB7322765EB1200B6EB50 /* AppDelegate.swift */,
				C1FFB7342765EB1200B6EB50 /* SceneDelegate.swift */,
				C1FFB7382765EB1200B6EB50 /* Main.storyboard */,
				C1FFB73B2765EB1800B6EB50 /* Assets.xcassets */,
				C1FFB73D2765EB1800B6EB50 /* LaunchScreen.storyboard */,
				C1FFB7402765EB1800B6EB50 /* Info.plist */,
			);
			path = vkApp_AndreiNosov;
			sourceTree = "<group>";
		};
/* End PBXGroup section */

/* Begin PBXNativeTarget section */
		C1FFB72E2765EB1200B6EB50 /* vkApp_AndreiNosov */ = {
			isa = PBXNativeTarget;
			buildConfigurationList = C1FFB7432765EB1800B6EB50 /* Build configuration list for PBXNativeTarget "vkApp_AndreiNosov" */;
			buildPhases = (
				C1FFB72B2765EB1200B6EB50 /* Sources */,
				C1FFB72C2765EB1200B6EB50 /* Frameworks */,
				C1FFB72D2765EB1200B6EB50 /* Resources */,
			);
			buildRules = (
			);
			dependencies = (
			);
			name = vkApp_AndreiNosov;
			productName = vkApp_AndreiNosov;
			productReference = C1FFB72F2765EB1200B6EB50 /* vkApp_AndreiNosov.app */;
			productType = "com.apple.product-type.application";
		};
/* End PBXNativeTarget section */

/* Begin PBXProject section */
		C1FFB7272765EB1200B6EB50 /* Project object */ = {
			isa = PBXProject;
			attributes = {
				BuildIndependentTargetsInParallel = 1;
				LastSwiftUpdateCheck = 1310;
				LastUpgradeCheck = 1310;
				TargetAttributes = {
					C1FFB72E2765EB1200B6EB50 = {
						CreatedOnToolsVersion = 13.1;
					};
				};
			};
			buildConfigurationList = C1FFB72A2765EB1200B6EB50 /* Build configuration list for PBXProject "vkApp_AndreiNosov" */;
			compatibilityVersion = "Xcode 13.0";
			developmentRegion = en;
			hasScannedForEncodings = 0;
			knownRegions = (
				en,
				Base,
			);
			mainGroup = C1FFB7262765EB1200B6EB50;
			productRefGroup = C1FFB7302765EB1200B6EB50 /* Products */;
			projectDirPath = "";
			projectRoot = "";
			targets = (
				C1FFB72E2765EB1200B6EB50 /* vkApp_AndreiNosov */,
			);
		};
/* End PBXProject section */

/* Begin PBXResourcesBuildPhase section */
		C1FFB72D2765EB1200B6EB50 /* Resources */ = {
			isa = PBXResourcesBuildPhase;
			buildActionMask = 2147483647;
			files = (
				C1FFB73F2765EB1800B6EB50 /* LaunchScreen.storyboard in Resources */,
				C1FFB73C2765EB1800B6EB50 /* Assets.xcassets in Resources */,
				C1FFB73A2765EB1200B6EB50 /* Main.storyboard in Resources */,
			);
			runOnlyForDeploymentPostprocessing = 0;
		};
/* End PBXResourcesBuildPhase section */

/* Begin PBXSourcesBuildPhase section */
		C1FFB72B2765EB1200B6EB50 /* Sources */ = {
			isa = PBXSourcesBuildPhase;
			buildActionMask = 2147483647;
			files = (
				C177C634277188E100A3A7CE /* GroupTableViewCell.swift in Sources */,
				C15A4EBD276E1490003A97D3 /* GlobalGroupsTableVC.swift in Sources */,
				C1033013276AFE0400757585 /* PhotoCollectionVC.swift in Sources */,
				C17BE2F4276F201100DAE1F1 /* Group.swift in Sources */,
				C103300C276AD65F00757585 /* LoginFormViewController.swift in Sources */,
				C17BE2F6276F3B8200DAE1F1 /* FriendTableViewCell.swift in Sources */,
				C1FFB7332765EB1200B6EB50 /* AppDelegate.swift in Sources */,
				C1033011276AF82400757585 /* FriendsTableVC.swift in Sources */,
				C11371512770345C003D2800 /* FriendPhotoCollectionViewCell.swift in Sources */,
				C17BE2F2276F1F8C00DAE1F1 /* User.swift in Sources */,
				C1033015276AFEBF00757585 /* TabBarViewController.swift in Sources */,
				C1033017276AFFB500757585 /* UserGroupsTableVC.swift in Sources */,
				C177C6362772015D00A3A7CE /* GlobalGroupsCell.swift in Sources */,
				C1FFB7352765EB1200B6EB50 /* SceneDelegate.swift in Sources */,
			);
			runOnlyForDeploymentPostprocessing = 0;
		};
/* End PBXSourcesBuildPhase section */

/* Begin PBXVariantGroup section */
		C1FFB7382765EB1200B6EB50 /* Main.storyboard */ = {
			isa = PBXVariantGroup;
			children = (
				C1FFB7392765EB1200B6EB50 /* Base */,
			);
			name = Main.storyboard;
			sourceTree = "<group>";
		};
		C1FFB73D2765EB1800B6EB50 /* LaunchScreen.storyboard */ = {
			isa = PBXVariantGroup;
			children = (
				C1FFB73E2765EB1800B6EB50 /* Base */,
			);
			name = LaunchScreen.storyboard;
			sourceTree = "<group>";
		};
/* End PBXVariantGroup section */

/* Begin XCBuildConfiguration section */
		C1FFB7412765EB1800B6EB50 /* Debug */ = {
			isa = XCBuildConfiguration;
			buildSettings = {
				ALWAYS_SEARCH_USER_PATHS = NO;
				CLANG_ANALYZER_NONNULL = YES;
				CLANG_ANALYZER_NUMBER_OBJECT_CONVERSION = YES_AGGRESSIVE;
				CLANG_CXX_LANGUAGE_STANDARD = "gnu++17";
				CLANG_CXX_LIBRARY = "libc++";
				CLANG_ENABLE_MODULES = YES;
				CLANG_ENABLE_OBJC_ARC = YES;
				CLANG_ENABLE_OBJC_WEAK = YES;
				CLANG_WARN_BLOCK_CAPTURE_AUTORELEASING = YES;
				CLANG_WARN_BOOL_CONVERSION = YES;
				CLANG_WARN_COMMA = YES;
				CLANG_WARN_CONSTANT_CONVERSION = YES;
				CLANG_WARN_DEPRECATED_OBJC_IMPLEMENTATIONS = YES;
				CLANG_WARN_DIRECT_OBJC_ISA_USAGE = YES_ERROR;
				CLANG_WARN_DOCUMENTATION_COMMENTS = YES;
				CLANG_WARN_EMPTY_BODY = YES;
				CLANG_WARN_ENUM_CONVERSION = YES;
				CLANG_WARN_INFINITE_RECURSION = YES;
				CLANG_WARN_INT_CONVERSION = YES;
				CLANG_WARN_NON_LITERAL_NULL_CONVERSION = YES;
				CLANG_WARN_OBJC_IMPLICIT_RETAIN_SELF = YES;
				CLANG_WARN_OBJC_LITERAL_CONVERSION = YES;
				CLANG_WARN_OBJC_ROOT_CLASS = YES_ERROR;
				CLANG_WARN_QUOTED_INCLUDE_IN_FRAMEWORK_HEADER = YES;
				CLANG_WARN_RANGE_LOOP_ANALYSIS = YES;
				CLANG_WARN_STRICT_PROTOTYPES = YES;
				CLANG_WARN_SUSPICIOUS_MOVE = YES;
				CLANG_WARN_UNGUARDED_AVAILABILITY = YES_AGGRESSIVE;
				CLANG_WARN_UNREACHABLE_CODE = YES;
				CLANG_WARN__DUPLICATE_METHOD_MATCH = YES;
				COPY_PHASE_STRIP = NO;
				DEBUG_INFORMATION_FORMAT = dwarf;
				ENABLE_STRICT_OBJC_MSGSEND = YES;
				ENABLE_TESTABILITY = YES;
				GCC_C_LANGUAGE_STANDARD = gnu11;
				GCC_DYNAMIC_NO_PIC = NO;
				GCC_NO_COMMON_BLOCKS = YES;
				GCC_OPTIMIZATION_LEVEL = 0;
				GCC_PREPROCESSOR_DEFINITIONS = (
					"DEBUG=1",
					"$(inherited)",
				);
				GCC_WARN_64_TO_32_BIT_CONVERSION = YES;
				GCC_WARN_ABOUT_RETURN_TYPE = YES_ERROR;
				GCC_WARN_UNDECLARED_SELECTOR = YES;
				GCC_WARN_UNINITIALIZED_AUTOS = YES_AGGRESSIVE;
				GCC_WARN_UNUSED_FUNCTION = YES;
				GCC_WARN_UNUSED_VARIABLE = YES;
				IPHONEOS_DEPLOYMENT_TARGET = 15.0;
				MTL_ENABLE_DEBUG_INFO = INCLUDE_SOURCE;
				MTL_FAST_MATH = YES;
				ONLY_ACTIVE_ARCH = YES;
				SDKROOT = iphoneos;
				SWIFT_ACTIVE_COMPILATION_CONDITIONS = DEBUG;
				SWIFT_OPTIMIZATION_LEVEL = "-Onone";
			};
			name = Debug;
		};
		C1FFB7422765EB1800B6EB50 /* Release */ = {
			isa = XCBuildConfiguration;
			buildSettings = {
				ALWAYS_SEARCH_USER_PATHS = NO;
				CLANG_ANALYZER_NONNULL = YES;
				CLANG_ANALYZER_NUMBER_OBJECT_CONVERSION = YES_AGGRESSIVE;
				CLANG_CXX_LANGUAGE_STANDARD = "gnu++17";
				CLANG_CXX_LIBRARY = "libc++";
				CLANG_ENABLE_MODULES = YES;
				CLANG_ENABLE_OBJC_ARC = YES;
				CLANG_ENABLE_OBJC_WEAK = YES;
				CLANG_WARN_BLOCK_CAPTURE_AUTORELEASING = YES;
				CLANG_WARN_BOOL_CONVERSION = YES;
				CLANG_WARN_COMMA = YES;
				CLANG_WARN_CONSTANT_CONVERSION = YES;
				CLANG_WARN_DEPRECATED_OBJC_IMPLEMENTATIONS = YES;
				CLANG_WARN_DIRECT_OBJC_ISA_USAGE = YES_ERROR;
				CLANG_WARN_DOCUMENTATION_COMMENTS = YES;
				CLANG_WARN_EMPTY_BODY = YES;
				CLANG_WARN_ENUM_CONVERSION = YES;
				CLANG_WARN_INFINITE_RECURSION = YES;
				CLANG_WARN_INT_CONVERSION = YES;
				CLANG_WARN_NON_LITERAL_NULL_CONVERSION = YES;
				CLANG_WARN_OBJC_IMPLICIT_RETAIN_SELF = YES;
				CLANG_WARN_OBJC_LITERAL_CONVERSION = YES;
				CLANG_WARN_OBJC_ROOT_CLASS = YES_ERROR;
				CLANG_WARN_QUOTED_INCLUDE_IN_FRAMEWORK_HEADER = YES;
				CLANG_WARN_RANGE_LOOP_ANALYSIS = YES;
				CLANG_WARN_STRICT_PROTOTYPES = YES;
				CLANG_WARN_SUSPICIOUS_MOVE = YES;
				CLANG_WARN_UNGUARDED_AVAILABILITY = YES_AGGRESSIVE;
				CLANG_WARN_UNREACHABLE_CODE = YES;
				CLANG_WARN__DUPLICATE_METHOD_MATCH = YES;
				COPY_PHASE_STRIP = NO;
				DEBUG_INFORMATION_FORMAT = "dwarf-with-dsym";
				ENABLE_NS_ASSERTIONS = NO;
				ENABLE_STRICT_OBJC_MSGSEND = YES;
				GCC_C_LANGUAGE_STANDARD = gnu11;
				GCC_NO_COMMON_BLOCKS = YES;
				GCC_WARN_64_TO_32_BIT_CONVERSION = YES;
				GCC_WARN_ABOUT_RETURN_TYPE = YES_ERROR;
				GCC_WARN_UNDECLARED_SELECTOR = YES;
				GCC_WARN_UNINITIALIZED_AUTOS = YES_AGGRESSIVE;
				GCC_WARN_UNUSED_FUNCTION = YES;
				GCC_WARN_UNUSED_VARIABLE = YES;
				IPHONEOS_DEPLOYMENT_TARGET = 15.0;
				MTL_ENABLE_DEBUG_INFO = NO;
				MTL_FAST_MATH = YES;
				SDKROOT = iphoneos;
				SWIFT_COMPILATION_MODE = wholemodule;
				SWIFT_OPTIMIZATION_LEVEL = "-O";
				VALIDATE_PRODUCT = YES;
			};
			name = Release;
		};
		C1FFB7442765EB1800B6EB50 /* Debug */ = {
			isa = XCBuildConfiguration;
			buildSettings = {
				ASSETCATALOG_COMPILER_APPICON_NAME = AppIcon;
				ASSETCATALOG_COMPILER_GLOBAL_ACCENT_COLOR_NAME = AccentColor;
				CODE_SIGN_STYLE = Automatic;
				CURRENT_PROJECT_VERSION = 1;
				DEVELOPMENT_TEAM = U54RX635U8;
				GENERATE_INFOPLIST_FILE = YES;
				INFOPLIST_FILE = vkApp_AndreiNosov/Info.plist;
				INFOPLIST_KEY_UIApplicationSupportsIndirectInputEvents = YES;
				INFOPLIST_KEY_UILaunchStoryboardName = LaunchScreen;
				INFOPLIST_KEY_UIMainStoryboardFile = Main;
				INFOPLIST_KEY_UISupportedInterfaceOrientations_iPad = "UIInterfaceOrientationPortrait UIInterfaceOrientationPortraitUpsideDown UIInterfaceOrientationLandscapeLeft UIInterfaceOrientationLandscapeRight";
				INFOPLIST_KEY_UISupportedInterfaceOrientations_iPhone = "UIInterfaceOrientationPortrait UIInterfaceOrientationLandscapeLeft UIInterfaceOrientationLandscapeRight";
				LD_RUNPATH_SEARCH_PATHS = (
					"$(inherited)",
					"@executable_path/Frameworks",
				);
				MARKETING_VERSION = 1.0;
				PRODUCT_BUNDLE_IDENTIFIER = "andynosov.vkApp-AndreiNosov";
				PRODUCT_NAME = "$(TARGET_NAME)";
				SWIFT_EMIT_LOC_STRINGS = YES;
				SWIFT_VERSION = 5.0;
				TARGETED_DEVICE_FAMILY = "1,2";
			};
			name = Debug;
		};
		C1FFB7452765EB1800B6EB50 /* Release */ = {
			isa = XCBuildConfiguration;
			buildSettings = {
				ASSETCATALOG_COMPILER_APPICON_NAME = AppIcon;
				ASSETCATALOG_COMPILER_GLOBAL_ACCENT_COLOR_NAME = AccentColor;
				CODE_SIGN_STYLE = Automatic;
				CURRENT_PROJECT_VERSION = 1;
				DEVELOPMENT_TEAM = U54RX635U8;
				GENERATE_INFOPLIST_FILE = YES;
				INFOPLIST_FILE = vkApp_AndreiNosov/Info.plist;
				INFOPLIST_KEY_UIApplicationSupportsIndirectInputEvents = YES;
				INFOPLIST_KEY_UILaunchStoryboardName = LaunchScreen;
				INFOPLIST_KEY_UIMainStoryboardFile = Main;
				INFOPLIST_KEY_UISupportedInterfaceOrientations_iPad = "UIInterfaceOrientationPortrait UIInterfaceOrientationPortraitUpsideDown UIInterfaceOrientationLandscapeLeft UIInterfaceOrientationLandscapeRight";
				INFOPLIST_KEY_UISupportedInterfaceOrientations_iPhone = "UIInterfaceOrientationPortrait UIInterfaceOrientationLandscapeLeft UIInterfaceOrientationLandscapeRight";
				LD_RUNPATH_SEARCH_PATHS = (
					"$(inherited)",
					"@executable_path/Frameworks",
				);
				MARKETING_VERSION = 1.0;
				PRODUCT_BUNDLE_IDENTIFIER = "andynosov.vkApp-AndreiNosov";
				PRODUCT_NAME = "$(TARGET_NAME)";
				SWIFT_EMIT_LOC_STRINGS = YES;
				SWIFT_VERSION = 5.0;
				TARGETED_DEVICE_FAMILY = "1,2";
			};
			name = Release;
		};
/* End XCBuildConfiguration section */

/* Begin XCConfigurationList section */
		C1FFB72A2765EB1200B6EB50 /* Build configuration list for PBXProject "vkApp_AndreiNosov" */ = {
			isa = XCConfigurationList;
			buildConfigurations = (
				C1FFB7412765EB1800B6EB50 /* Debug */,
				C1FFB7422765EB1800B6EB50 /* Release */,
			);
			defaultConfigurationIsVisible = 0;
			defaultConfigurationName = Release;
		};
		C1FFB7432765EB1800B6EB50 /* Build configuration list for PBXNativeTarget "vkApp_AndreiNosov" */ = {
			isa = XCConfigurationList;
			buildConfigurations = (
				C1FFB7442765EB1800B6EB50 /* Debug */,
				C1FFB7452765EB1800B6EB50 /* Release */,
			);
			defaultConfigurationIsVisible = 0;
			defaultConfigurationName = Release;
		};
/* End XCConfigurationList section */
	};
	rootObject = C1FFB7272765EB1200B6EB50 /* Project object */;
}
